
Microsoft Visual Studio Solution File, Format Version 12.00
# Visual Studio Version 16
VisualStudioVersion = 16.0.30711.63
MinimumVisualStudioVersion = 10.0.40219.1
Project("{FAE04EC0-301F-11D3-BF4B-00C04F79EFBC}") = "IoTDeviceReader", "IoTDeviceReader\IoTDeviceReader.csproj", "{00FF616A-79E7-4A57-B6FD-8AE5A3536A5D}"
EndProject
Global
	GlobalSection(SolutionConfigurationPlatforms) = preSolution
		Debug|Any CPU = Debug|Any CPU
		Release|Any CPU = Release|Any CPU
	EndGlobalSection
	GlobalSection(ProjectConfigurationPlatforms) = postSolution
		{00FF616A-79E7-4A57-B6FD-8AE5A3536A5D}.Debug|Any CPU.ActiveCfg = Debug|Any CPU
		{00FF616A-79E7-4A57-B6FD-8AE5A3536A5D}.Debug|Any CPU.Build.0 = Debug|Any CPU
		{00FF616A-79E7-4A57-B6FD-8AE5A3536A5D}.Release|Any CPU.ActiveCfg = Release|Any CPU
		{00FF616A-79E7-4A57-B6FD-8AE5A3536A5D}.Release|Any CPU.Build.0 = Release|Any CPU
	EndGlobalSection
	GlobalSection(SolutionProperties) = preSolution
		HideSolutionNode = FALSE
	EndGlobalSection
	GlobalSection(ExtensibilityGlobals) = postSolution
		SolutionGuid = {514572DF-8E4F-49C7-A9F1-2E26B31DE031}
	EndGlobalSection
EndGlobal
